{
    "requires": true,
    "lockfileVersion": 1,
    "dependencies": {
        "vue-apexcharts": {
            "version": "1.6.2",
            "resolved": "https://registry.npmjs.org/vue-apexcharts/-/vue-apexcharts-1.6.2.tgz",
            "integrity": "sha512-9HS3scJwWgKjmkcWIf+ndNDR0WytUJD8Ju0V2ZYcjYtlTLwJAf2SKUlBZaQTkDmwje/zMgulvZRi+MXmi+WkKw=="
        }
    }
}
